
Microsoft Visual Studio Solution File, Format Version 12.00
# Visual Studio 15
VisualStudioVersion = 15.0.28010.2003
MinimumVisualStudioVersion = 10.0.40219.1
Project("{FAE04EC0-301F-11D3-BF4B-00C04F79EFBC}") = "PnP", "PnP\PnP.csproj", "{08DCB7DA-7607-45F1-8373-376CCAC33A67}"
EndProject
Project("{FAE04EC0-301F-11D3-BF4B-00C04F79EFBC}") = "PnP.Tests", "PnP.Tests\PnP.Tests.csproj", "{DE52FFDD-D834-4CC0-9826-85B00354D0BC}"
EndProject
Global
	GlobalSection(SolutionConfigurationPlatforms) = preSolution
		Debug|Any CPU = Debug|Any CPU
		Release|Any CPU = Release|Any CPU
	EndGlobalSection
	GlobalSection(ProjectConfigurationPlatforms) = postSolution
		{08DCB7DA-7607-45F1-8373-376CCAC33A67}.Debug|Any CPU.ActiveCfg = Debug|Any CPU
		{08DCB7DA-7607-45F1-8373-376CCAC33A67}.Debug|Any CPU.Build.0 = Debug|Any CPU
		{08DCB7DA-7607-45F1-8373-376CCAC33A67}.Release|Any CPU.ActiveCfg = Release|Any CPU
		{08DCB7DA-7607-45F1-8373-376CCAC33A67}.Release|Any CPU.Build.0 = Release|Any CPU
		{DE52FFDD-D834-4CC0-9826-85B00354D0BC}.Debug|Any CPU.ActiveCfg = Debug|Any CPU
		{DE52FFDD-D834-4CC0-9826-85B00354D0BC}.Debug|Any CPU.Build.0 = Debug|Any CPU
		{DE52FFDD-D834-4CC0-9826-85B00354D0BC}.Release|Any CPU.ActiveCfg = Release|Any CPU
		{DE52FFDD-D834-4CC0-9826-85B00354D0BC}.Release|Any CPU.Build.0 = Release|Any CPU
	EndGlobalSection
	GlobalSection(SolutionProperties) = preSolution
		HideSolutionNode = FALSE
	EndGlobalSection
	GlobalSection(ExtensibilityGlobals) = postSolution
		SolutionGuid = {AA36DF98-8A44-45CE-8748-69514A84A873}
	EndGlobalSection
EndGlobal
